
Microsoft Visual Studio Solution File, Format Version 12.00
# Visual Studio Version 16
VisualStudioVersion = 16.0.30804.86
MinimumVisualStudioVersion = 10.0.40219.1
Project("{FAE04EC0-301F-11D3-BF4B-00C04F79EFBC}") = "ConsoleApplication", "ConsoleApplication\ConsoleApplication.csproj", "{7E907710-50CF-4333-AE79-ABCE6567102D}"
EndProject
Global
	GlobalSection(SolutionConfigurationPlatforms) = preSolution
		Debug|Any CPU = Debug|Any CPU
		Release|Any CPU = Release|Any CPU
	EndGlobalSection
	GlobalSection(ProjectConfigurationPlatforms) = postSolution
		{7E907710-50CF-4333-AE79-ABCE6567102D}.Debug|Any CPU.ActiveCfg = Debug|Any CPU
		{7E907710-50CF-4333-AE79-ABCE6567102D}.Debug|Any CPU.Build.0 = Debug|Any CPU
		{7E907710-50CF-4333-AE79-ABCE6567102D}.Release|Any CPU.ActiveCfg = Release|Any CPU
		{7E907710-50CF-4333-AE79-ABCE6567102D}.Release|Any CPU.Build.0 = Release|Any CPU
	EndGlobalSection
	GlobalSection(SolutionProperties) = preSolution
		HideSolutionNode = FALSE
	EndGlobalSection
	GlobalSection(ExtensibilityGlobals) = postSolution
		SolutionGuid = {118DE519-003A-425C-B247-9DE7FA1AAED8}
	EndGlobalSection
EndGlobal
